
Microsoft Visual Studio Solution File, Format Version 12.00
# Visual Studio 15
VisualStudioVersion = 15.0.28307.645
MinimumVisualStudioVersion = 10.0.40219.1
Project("{9A19103F-16F7-4668-BE54-9A1E7A4F7556}") = "PWA_APP", "ORION\PWA_APP.csproj", "{FE29DE57-C370-4436-98CD-D06BDFA3A98F}"
EndProject
Global
	GlobalSection(SolutionConfigurationPlatforms) = preSolution
		Debug|Any CPU = Debug|Any CPU
		Release|Any CPU = Release|Any CPU
	EndGlobalSection
	GlobalSection(ProjectConfigurationPlatforms) = postSolution
		{FE29DE57-C370-4436-98CD-D06BDFA3A98F}.Debug|Any CPU.ActiveCfg = Debug|Any CPU
		{FE29DE57-C370-4436-98CD-D06BDFA3A98F}.Debug|Any CPU.Build.0 = Debug|Any CPU
		{FE29DE57-C370-4436-98CD-D06BDFA3A98F}.Release|Any CPU.ActiveCfg = Release|Any CPU
		{FE29DE57-C370-4436-98CD-D06BDFA3A98F}.Release|Any CPU.Build.0 = Release|Any CPU
	EndGlobalSection
	GlobalSection(SolutionProperties) = preSolution
		HideSolutionNode = FALSE
	EndGlobalSection
	GlobalSection(ExtensibilityGlobals) = postSolution
		SolutionGuid = {BF24F6BF-2443-4AA8-B34E-C6592EB29899}
	EndGlobalSection
EndGlobal
